
Microsoft Visual Studio Solution File, Format Version 12.00
# Visual Studio 15
VisualStudioVersion = 15.0.28010.2003
MinimumVisualStudioVersion = 10.0.40219.1
Project("{9A19103F-16F7-4668-BE54-9A1E7A4F7556}") = "ClamperCLI", "CLI\ClamperCLI.csproj", "{A9751608-61A4-48E0-AA16-C1C8DD662C58}"
EndProject
Project("{9A19103F-16F7-4668-BE54-9A1E7A4F7556}") = "Clamper", "Clamper\Clamper.csproj", "{C804D626-07C5-49F6-A747-5627E309DECD}"
EndProject
Global
	GlobalSection(SolutionConfigurationPlatforms) = preSolution
		Debug|Any CPU = Debug|Any CPU
		Release|Any CPU = Release|Any CPU
	EndGlobalSection
	GlobalSection(ProjectConfigurationPlatforms) = postSolution
		{A9751608-61A4-48E0-AA16-C1C8DD662C58}.Debug|Any CPU.ActiveCfg = Debug|Any CPU
		{A9751608-61A4-48E0-AA16-C1C8DD662C58}.Debug|Any CPU.Build.0 = Debug|Any CPU
		{A9751608-61A4-48E0-AA16-C1C8DD662C58}.Release|Any CPU.ActiveCfg = Release|Any CPU
		{A9751608-61A4-48E0-AA16-C1C8DD662C58}.Release|Any CPU.Build.0 = Release|Any CPU
		{C804D626-07C5-49F6-A747-5627E309DECD}.Debug|Any CPU.ActiveCfg = Debug|Any CPU
		{C804D626-07C5-49F6-A747-5627E309DECD}.Debug|Any CPU.Build.0 = Debug|Any CPU
		{C804D626-07C5-49F6-A747-5627E309DECD}.Release|Any CPU.ActiveCfg = Release|Any CPU
		{C804D626-07C5-49F6-A747-5627E309DECD}.Release|Any CPU.Build.0 = Release|Any CPU
	EndGlobalSection
	GlobalSection(SolutionProperties) = preSolution
		HideSolutionNode = FALSE
	EndGlobalSection
	GlobalSection(ExtensibilityGlobals) = postSolution
		SolutionGuid = {B1CE19B7-911E-4FB0-843A-9BF8955D341D}
	EndGlobalSection
EndGlobal
