Microsoft Visual Studio Solution File, Format Version 12.00
# Visual Studio 15
VisualStudioVersion = 15.0.26730.16
MinimumVisualStudioVersion = 15.0.26124.0
Project("{9A19103F-16F7-4668-BE54-9A1E7A4F7556}") = "Clamper.Core", "Clamper.Core\Clamper.Core.csproj", "{862361E7-D2B0-4ED4-9EC6-ACF4A34EFFED}"
EndProject
Global
	GlobalSection(SolutionConfigurationPlatforms) = preSolution
		Debug|Any CPU = Debug|Any CPU
		Debug|x64 = Debug|x64
		Debug|x86 = Debug|x86
		Release|Any CPU = Release|Any CPU
		Release|x64 = Release|x64
		Release|x86 = Release|x86
	EndGlobalSection
	GlobalSection(ProjectConfigurationPlatforms) = postSolution
		{862361E7-D2B0-4ED4-9EC6-ACF4A34EFFED}.Debug|Any CPU.ActiveCfg = Debug|Any CPU
		{862361E7-D2B0-4ED4-9EC6-ACF4A34EFFED}.Debug|Any CPU.Build.0 = Debug|Any CPU
		{862361E7-D2B0-4ED4-9EC6-ACF4A34EFFED}.Debug|x64.ActiveCfg = Debug|Any CPU
		{862361E7-D2B0-4ED4-9EC6-ACF4A34EFFED}.Debug|x64.Build.0 = Debug|Any CPU
		{862361E7-D2B0-4ED4-9EC6-ACF4A34EFFED}.Debug|x86.ActiveCfg = Debug|Any CPU
		{862361E7-D2B0-4ED4-9EC6-ACF4A34EFFED}.Debug|x86.Build.0 = Debug|Any CPU
		{862361E7-D2B0-4ED4-9EC6-ACF4A34EFFED}.Release|Any CPU.ActiveCfg = Release|Any CPU
		{862361E7-D2B0-4ED4-9EC6-ACF4A34EFFED}.Release|Any CPU.Build.0 = Release|Any CPU
		{862361E7-D2B0-4ED4-9EC6-ACF4A34EFFED}.Release|x64.ActiveCfg = Release|Any CPU
		{862361E7-D2B0-4ED4-9EC6-ACF4A34EFFED}.Release|x64.Build.0 = Release|Any CPU
		{862361E7-D2B0-4ED4-9EC6-ACF4A34EFFED}.Release|x86.ActiveCfg = Release|Any CPU
		{862361E7-D2B0-4ED4-9EC6-ACF4A34EFFED}.Release|x86.Build.0 = Release|Any CPU
	EndGlobalSection
	GlobalSection(SolutionProperties) = preSolution
		HideSolutionNode = FALSE
	EndGlobalSection
	GlobalSection(ExtensibilityGlobals) = postSolution
		SolutionGuid = {21D70419-AC4A-48A1-9E3A-FF6CDEB61597}
	EndGlobalSection
EndGlobal
